github.com/sagernet/sing v0.9.0-beta.4 h1:DYoEzb3FeCZ9bA66hJmL0NFDXckZpa4oYF/VpbFJEkE=
github.com/sagernet/sing v0.9.0-beta.4/go.mod h1:K3Owt3xPhHugvlnlPPxZJ/exXdaJfEPOTNorGk4AXjo=
github.com/sagernet/sing-box v1.14.0 h1:c2x4MxM4ZJ2i11W2UiAeRJULJDSeOAF/W7Wl5F7eORg=
github.com/sagernet/sing-box v1.14.0/go.mod h1:CN1I6jgtUwF1ON5dmUrq9JVdKFXrhY4scZyjE1rihs8=
github.com/sagernet/sing-tun v0.9.0-beta.4 h1:gIIZU4HevhtTQubZiOdMD0/RnECD6csl2kG6666KYmQ=
github.com/sagernet/sing-tun v0.9.0-beta.4/go.mod h1:3EgPst7agntRO7D6GOsiZ1l9FoqdLeuWmKT5TnWkmf0=
golang.org/x/crypto v0.57.0 h1:3ZVCjf8Ggz7zneR/EHRVx68Ctf+2pmIMP2UFhh9cC6M=
golang.org/x/crypto v0.57.0/go.mod h1:Fdz0i5U6CoizGwLda9DttjSk6qlZo25zYNtR+ycvuZA=
golang.org/x/sys v0.48.0 h1:bbX/i/6MgT9BVLM9RT1thmxL04yeTAhbEz4SyadbXoo=
golang.org/x/sys v0.48.0/go.mod h1:hNLxWAXmnKAxqDtdwIYC4bM9oQPEecfsnNMuSxOs3og=
